<?xml version="1.0" encoding="utf-8"?>
<Project ToolsVersion="4.0" xmlns="http://schemas.microsoft.com/developer/msbuild/2003">
  <ItemGroup>
    <Filter Include="Source Files">
      <UniqueIdentifier>{4FC737F1-C7A5-4376-A066-2A32D752A2FF}</UniqueIdentifier>
      <Extensions>cpp;c;cc;cxx;def;odl;idl;hpj;bat;asm;asmx</Extensions>
    </Filter>
    <Filter Include="Header Files">
      <UniqueIdentifier>{93995380-89BD-4b04-88EB-625FBE52EBFB}</UniqueIdentifier>
      <Extensions>h;hh;hpp;hxx;hm;inl;inc;ipp;xsd</Extensions>
    </Filter>
    <Filter Include="Resource Files">
      <UniqueIdentifier>{67DA6AB6-F800-4c08-8B7A-83BB121AAD01}</UniqueIdentifier>
      <Extensions>rc;ico;cur;bmp;dlg;rc2;rct;bin;rgs;gif;jpg;jpeg;jpe;resx;tiff;tif;png;wav;mfcribbon-ms</Extensions>
    </Filter>
    <Filter Include="Source Files\shaders">
      <UniqueIdentifier>{6704ca8f-c594-46a6-adf0-73cc8db5d5a8}</UniqueIdentifier>
    </Filter>
    <Filter Include="Source Files\world">
      <UniqueIdentifier>{4bf5565d-59e8-4e3a-b839-811695de8a58}</UniqueIdentifier>
    </Filter>
    <Filter Include="Source Files\opengl">
      <UniqueIdentifier>{84574b0c-4e6f-4f5d-ba14-f676865f70b6}</UniqueIdentifier>
    </Filter>
    <Filter Include="Source Files\shaders\Normal">
      <UniqueIdentifier>{4712e3c2-c519-49a5-885f-b359082d8f43}</UniqueIdentifier>
    </Filter>
    <Filter Include="Source Files\shaders\Gui">
      <UniqueIdentifier>{649bb3af-987a-4530-ace4-02d5aa1f5a74}</UniqueIdentifier>
    </Filter>
    <Filter Include="Source Files\shaders\Skybox">
      <UniqueIdentifier>{e2244d38-99bd-4ce9-9136-cfb98620cf29}</UniqueIdentifier>
    </Filter>
    <Filter Include="Source Files\Gui">
      <UniqueIdentifier>{3920734d-b75d-43be-9291-e4253c20f7f4}</UniqueIdentifier>
    </Filter>
    <Filter Include="Source Files\Misc">
      <UniqueIdentifier>{01e1282e-8abf-4287-9f34-02335d6b8af1}</UniqueIdentifier>
    </Filter>
  </ItemGroup>
  <ItemGroup>
    <ClCompile Include="main.cpp">
      <Filter>Source Files</Filter>
    </ClCompile>
    <ClCompile Include="Chunk.cpp">
      <Filter>Source Files\world</Filter>
    </ClCompile>
    <ClCompile Include="Gui.cpp">
      <Filter>Source Files\Gui</Filter>
    </ClCompile>
    <ClCompile Include="Blocks.cpp">
      <Filter>Source Files\world</Filter>
    </ClCompile>
    <ClCompile Include="FastNoise.cpp">
      <Filter>Source Files\Misc</Filter>
    </ClCompile>
    <ClCompile Include="Mob.cpp">
      <Filter>Source Files\world</Filter>
    </ClCompile>
    <ClCompile Include="World.cpp">
      <Filter>Source Files\world</Filter>
    </ClCompile>
    <ClCompile Include="Layer.cpp">
      <Filter>Source Files\world</Filter>
    </ClCompile>
  </ItemGroup>
  <ItemGroup>
    <ClInclude Include="Game.h">
      <Filter>Source Files</Filter>
    </ClInclude>
    <ClInclude Include="World.h">
      <Filter>Source Files\world</Filter>
    </ClInclude>
    <ClInclude Include="Layer.h">
      <Filter>Source Files\world</Filter>
    </ClInclude>
    <ClInclude Include="Camera.h">
      <Filter>Source Files\opengl</Filter>
    </ClInclude>
    <ClInclude Include="Shader.h">
      <Filter>Source Files\opengl</Filter>
    </ClInclude>
    <ClInclude Include="Chunk.h">
      <Filter>Source Files\world</Filter>
    </ClInclude>
    <ClInclude Include="Mob.h">
      <Filter>Source Files\world</Filter>
    </ClInclude>
    <ClInclude Include="Gui.h">
      <Filter>Source Files\Gui</Filter>
    </ClInclude>
    <ClInclude Include="Blocks.h">
      <Filter>Source Files\world</Filter>
    </ClInclude>
    <ClInclude Include="Utilites.h">
      <Filter>Source Files\Misc</Filter>
    </ClInclude>
    <ClInclude Include="FastNoise.h">
      <Filter>Source Files\Misc</Filter>
    </ClInclude>
  </ItemGroup>
  <ItemGroup>
    <None Include="frag.glsl">
      <Filter>Source Files\shaders\Normal</Filter>
    </None>
    <None Include="vertex.glsl">
      <Filter>Source Files\shaders\Normal</Filter>
    </None>
    <None Include="guifrag.glsl">
      <Filter>Source Files\shaders\Gui</Filter>
    </None>
    <None Include="guivertex.glsl">
      <Filter>Source Files\shaders\Gui</Filter>
    </None>
    <None Include="skyfrag.glsl">
      <Filter>Source Files\shaders\Skybox</Filter>
    </None>
    <None Include="skyvertex.glsl">
      <Filter>Source Files\shaders\Skybox</Filter>
    </None>
  </ItemGroup>
</Project>